
Microsoft Visual Studio Solution File, Format Version 11.00
# Visual Studio 2010
Project("{FAE04EC0-301F-11D3-BF4B-00C04F79EFBC}") = "BaiduAIOcr", "Assembly-CSharp.csproj", "{4BF811F6-A8D2-0CFB-2642-D3780EC60127}"
EndProject
Project("{FAE04EC0-301F-11D3-BF4B-00C04F79EFBC}") = "BaiduAIOcr", "Assembly-CSharp-Editor.csproj", "{B1D3E762-81BF-F047-6496-24424E421EBA}"
EndProject
Global
	GlobalSection(SolutionConfigurationPlatforms) = preSolution
		Debug|Any CPU = Debug|Any CPU
		Release|Any CPU = Release|Any CPU
	EndGlobalSection
	GlobalSection(ProjectConfigurationPlatforms) = postSolution
		{4BF811F6-A8D2-0CFB-2642-D3780EC60127}.Debug|Any CPU.ActiveCfg = Debug|Any CPU
		{4BF811F6-A8D2-0CFB-2642-D3780EC60127}.Debug|Any CPU.Build.0 = Debug|Any CPU
		{4BF811F6-A8D2-0CFB-2642-D3780EC60127}.Release|Any CPU.ActiveCfg = Release|Any CPU
		{4BF811F6-A8D2-0CFB-2642-D3780EC60127}.Release|Any CPU.Build.0 = Release|Any CPU
		{B1D3E762-81BF-F047-6496-24424E421EBA}.Debug|Any CPU.ActiveCfg = Debug|Any CPU
		{B1D3E762-81BF-F047-6496-24424E421EBA}.Debug|Any CPU.Build.0 = Debug|Any CPU
		{B1D3E762-81BF-F047-6496-24424E421EBA}.Release|Any CPU.ActiveCfg = Release|Any CPU
		{B1D3E762-81BF-F047-6496-24424E421EBA}.Release|Any CPU.Build.0 = Release|Any CPU
	EndGlobalSection
	GlobalSection(SolutionProperties) = preSolution
		HideSolutionNode = FALSE
	EndGlobalSection
	GlobalSection(MonoDevelopProperties) = preSolution
		StartupItem = Assembly-CSharp.csproj
	EndGlobalSection
EndGlobal
